<Solution>
  <Folder Name="/src/">
    <Project Path="src/Nodeheim.Domain/Nodeheim.Domain.csproj" />
    <Project Path="src/Nodeheim.Editor.Desktop/Nodeheim.Editor.Desktop.csproj" />
    <Project Path="src/Nodeheim.Editor/Nodeheim.Editor.csproj" />
    <Project Path="src/Nodeheim.Persistence.Documents/Nodeheim.Persistence.Documents.csproj" />
    <Project Path="src/Nodeheim.Persistence.Json/Nodeheim.Persistence.Json.csproj" />
  </Folder>
  <Folder Name="/tests/">
    <Project Path="tests/Nodeheim.Domain.Tests/Nodeheim.Domain.Tests.csproj" />
    <Project Path="tests/Nodeheim.Editor.Tests/Nodeheim.Editor.Tests.csproj" />
    <Project Path="tests/Nodeheim.Persistence.Documents.Tests/Nodeheim.Persistence.Documents.Tests.csproj" />
  </Folder>
</Solution>
