<Solution>
  <Folder Name="/src/">
    <Project Path="src/Nodeheim.Domain/Nodeheim.Domain.csproj" />
    <Project Path="src/Nodeheim.Editor/Nodeheim.Editor.csproj" />
  </Folder>
  <Folder Name="/tests/">
    <Project Path="tests/Nodeheim.Domain.Tests/Nodeheim.Domain.Tests.csproj" />
    <Project Path="tests/Nodeheim.Editor.Tests/Nodeheim.Editor.Tests.csproj" />
  </Folder>
</Solution>
